
Microsoft Visual Studio Solution File, Format Version 12.00
# TcXaeShell Solution File, Format Version 11.00
VisualStudioVersion = 15.0.34829.251
MinimumVisualStudioVersion = 10.0.40219.1
Project("{B1E792BE-AA5F-4E3C-8C82-674BF9C0715B}") = "BaseFBs", "BaseFBs\BaseFBs.tsproj", "{877EEDFC-2AE4-404E-8EED-6F9AB6C94017}"
EndProject
Global
	GlobalSection(SolutionConfigurationPlatforms) = preSolution
		Debug|TwinCAT OS (ARMV7-A) = Debug|TwinCAT OS (ARMV7-A)
		Debug|TwinCAT OS (ARMV7-M) = Debug|TwinCAT OS (ARMV7-M)
		Debug|TwinCAT OS (ARMV8-A) = Debug|TwinCAT OS (ARMV8-A)
		Debug|TwinCAT OS (x64) = Debug|TwinCAT OS (x64)
		Debug|TwinCAT RT (x64) = Debug|TwinCAT RT (x64)
		Debug|TwinCAT RT (x86) = Debug|TwinCAT RT (x86)
		Release|TwinCAT OS (ARMV7-A) = Release|TwinCAT OS (ARMV7-A)
		Release|TwinCAT OS (ARMV7-M) = Release|TwinCAT OS (ARMV7-M)
		Release|TwinCAT OS (ARMV8-A) = Release|TwinCAT OS (ARMV8-A)
		Release|TwinCAT OS (x64) = Release|TwinCAT OS (x64)
		Release|TwinCAT RT (x64) = Release|TwinCAT RT (x64)
		Release|TwinCAT RT (x86) = Release|TwinCAT RT (x86)
	EndGlobalSection
	GlobalSection(ProjectConfigurationPlatforms) = postSolution
		{877EEDFC-2AE4-404E-8EED-6F9AB6C94017}.Debug|TwinCAT OS (ARMV7-A).ActiveCfg = Debug|TwinCAT OS (ARMV7-A)
		{877EEDFC-2AE4-404E-8EED-6F9AB6C94017}.Debug|TwinCAT OS (ARMV7-A).Build.0 = Debug|TwinCAT OS (ARMV7-A)
		{877EEDFC-2AE4-404E-8EED-6F9AB6C94017}.Debug|TwinCAT OS (ARMV7-M).ActiveCfg = Debug|TwinCAT OS (ARMV7-M)
		{877EEDFC-2AE4-404E-8EED-6F9AB6C94017}.Debug|TwinCAT OS (ARMV7-M).Build.0 = Debug|TwinCAT OS (ARMV7-M)
		{877EEDFC-2AE4-404E-8EED-6F9AB6C94017}.Debug|TwinCAT OS (ARMV8-A).ActiveCfg = Debug|TwinCAT OS (ARMV8-A)
		{877EEDFC-2AE4-404E-8EED-6F9AB6C94017}.Debug|TwinCAT OS (ARMV8-A).Build.0 = Debug|TwinCAT OS (ARMV8-A)
		{877EEDFC-2AE4-404E-8EED-6F9AB6C94017}.Debug|TwinCAT OS (x64).ActiveCfg = Debug|TwinCAT OS (x64)
		{877EEDFC-2AE4-404E-8EED-6F9AB6C94017}.Debug|TwinCAT OS (x64).Build.0 = Debug|TwinCAT OS (x64)
		{877EEDFC-2AE4-404E-8EED-6F9AB6C94017}.Debug|TwinCAT RT (x64).ActiveCfg = Debug|TwinCAT RT (x64)
		{877EEDFC-2AE4-404E-8EED-6F9AB6C94017}.Debug|TwinCAT RT (x64).Build.0 = Debug|TwinCAT RT (x64)
		{877EEDFC-2AE4-404E-8EED-6F9AB6C94017}.Debug|TwinCAT RT (x86).ActiveCfg = Debug|TwinCAT RT (x86)
		{877EEDFC-2AE4-404E-8EED-6F9AB6C94017}.Debug|TwinCAT RT (x86).Build.0 = Debug|TwinCAT RT (x86)
		{877EEDFC-2AE4-404E-8EED-6F9AB6C94017}.Release|TwinCAT OS (ARMV7-A).ActiveCfg = Release|TwinCAT OS (ARMV7-A)
		{877EEDFC-2AE4-404E-8EED-6F9AB6C94017}.Release|TwinCAT OS (ARMV7-A).Build.0 = Release|TwinCAT OS (ARMV7-A)
		{877EEDFC-2AE4-404E-8EED-6F9AB6C94017}.Release|TwinCAT OS (ARMV7-M).ActiveCfg = Release|TwinCAT OS (ARMV7-M)
		{877EEDFC-2AE4-404E-8EED-6F9AB6C94017}.Release|TwinCAT OS (ARMV7-M).Build.0 = Release|TwinCAT OS (ARMV7-M)
		{877EEDFC-2AE4-404E-8EED-6F9AB6C94017}.Release|TwinCAT OS (ARMV8-A).ActiveCfg = Release|TwinCAT OS (ARMV8-A)
		{877EEDFC-2AE4-404E-8EED-6F9AB6C94017}.Release|TwinCAT OS (ARMV8-A).Build.0 = Release|TwinCAT OS (ARMV8-A)
		{877EEDFC-2AE4-404E-8EED-6F9AB6C94017}.Release|TwinCAT OS (x64).ActiveCfg = Release|TwinCAT OS (x64)
		{877EEDFC-2AE4-404E-8EED-6F9AB6C94017}.Release|TwinCAT OS (x64).Build.0 = Release|TwinCAT OS (x64)
		{877EEDFC-2AE4-404E-8EED-6F9AB6C94017}.Release|TwinCAT RT (x64).ActiveCfg = Release|TwinCAT RT (x64)
		{877EEDFC-2AE4-404E-8EED-6F9AB6C94017}.Release|TwinCAT RT (x64).Build.0 = Release|TwinCAT RT (x64)
		{877EEDFC-2AE4-404E-8EED-6F9AB6C94017}.Release|TwinCAT RT (x86).ActiveCfg = Release|TwinCAT RT (x86)
		{877EEDFC-2AE4-404E-8EED-6F9AB6C94017}.Release|TwinCAT RT (x86).Build.0 = Release|TwinCAT RT (x86)
		{C4B03FC6-6E46-40ED-A713-18E927403C49}.Debug|TwinCAT OS (ARMV7-A).ActiveCfg = Debug|TwinCAT OS (ARMV7-A)
		{C4B03FC6-6E46-40ED-A713-18E927403C49}.Debug|TwinCAT OS (ARMV7-A).Build.0 = Debug|TwinCAT OS (ARMV7-A)
		{C4B03FC6-6E46-40ED-A713-18E927403C49}.Debug|TwinCAT OS (ARMV7-M).ActiveCfg = Debug|TwinCAT OS (ARMV7-M)
		{C4B03FC6-6E46-40ED-A713-18E927403C49}.Debug|TwinCAT OS (ARMV7-M).Build.0 = Debug|TwinCAT OS (ARMV7-M)
		{C4B03FC6-6E46-40ED-A713-18E927403C49}.Debug|TwinCAT OS (ARMV8-A).ActiveCfg = Debug|TwinCAT OS (ARMV8-A)
		{C4B03FC6-6E46-40ED-A713-18E927403C49}.Debug|TwinCAT OS (ARMV8-A).Build.0 = Debug|TwinCAT OS (ARMV8-A)
		{C4B03FC6-6E46-40ED-A713-18E927403C49}.Debug|TwinCAT OS (x64).ActiveCfg = Debug|TwinCAT OS (x64)
		{C4B03FC6-6E46-40ED-A713-18E927403C49}.Debug|TwinCAT OS (x64).Build.0 = Debug|TwinCAT OS (x64)
		{C4B03FC6-6E46-40ED-A713-18E927403C49}.Debug|TwinCAT RT (x64).ActiveCfg = Debug|TwinCAT RT (x64)
		{C4B03FC6-6E46-40ED-A713-18E927403C49}.Debug|TwinCAT RT (x64).Build.0 = Debug|TwinCAT RT (x64)
		{C4B03FC6-6E46-40ED-A713-18E927403C49}.Debug|TwinCAT RT (x86).ActiveCfg = Debug|TwinCAT RT (x86)
		{C4B03FC6-6E46-40ED-A713-18E927403C49}.Debug|TwinCAT RT (x86).Build.0 = Debug|TwinCAT RT (x86)
		{C4B03FC6-6E46-40ED-A713-18E927403C49}.Release|TwinCAT OS (ARMV7-A).ActiveCfg = Release|TwinCAT OS (ARMV7-A)
		{C4B03FC6-6E46-40ED-A713-18E927403C49}.Release|TwinCAT OS (ARMV7-A).Build.0 = Release|TwinCAT OS (ARMV7-A)
		{C4B03FC6-6E46-40ED-A713-18E927403C49}.Release|TwinCAT OS (ARMV7-M).ActiveCfg = Release|TwinCAT OS (ARMV7-M)
		{C4B03FC6-6E46-40ED-A713-18E927403C49}.Release|TwinCAT OS (ARMV7-M).Build.0 = Release|TwinCAT OS (ARMV7-M)
		{C4B03FC6-6E46-40ED-A713-18E927403C49}.Release|TwinCAT OS (ARMV8-A).ActiveCfg = Release|TwinCAT OS (ARMV8-A)
		{C4B03FC6-6E46-40ED-A713-18E927403C49}.Release|TwinCAT OS (ARMV8-A).Build.0 = Release|TwinCAT OS (ARMV8-A)
		{C4B03FC6-6E46-40ED-A713-18E927403C49}.Release|TwinCAT OS (x64).ActiveCfg = Release|TwinCAT OS (x64)
		{C4B03FC6-6E46-40ED-A713-18E927403C49}.Release|TwinCAT OS (x64).Build.0 = Release|TwinCAT OS (x64)
		{C4B03FC6-6E46-40ED-A713-18E927403C49}.Release|TwinCAT RT (x64).ActiveCfg = Release|TwinCAT RT (x64)
		{C4B03FC6-6E46-40ED-A713-18E927403C49}.Release|TwinCAT RT (x64).Build.0 = Release|TwinCAT RT (x64)
		{C4B03FC6-6E46-40ED-A713-18E927403C49}.Release|TwinCAT RT (x86).ActiveCfg = Release|TwinCAT RT (x86)
		{C4B03FC6-6E46-40ED-A713-18E927403C49}.Release|TwinCAT RT (x86).Build.0 = Release|TwinCAT RT (x86)
	EndGlobalSection
	GlobalSection(SolutionProperties) = preSolution
		HideSolutionNode = FALSE
	EndGlobalSection
	GlobalSection(ExtensibilityGlobals) = postSolution
		SolutionGuid = {CC0F8491-5B0C-40E0-BC74-7C93A68BB5E0}
	EndGlobalSection
EndGlobal
